
Microsoft Visual Studio Solution File, Format Version 12.00
# Visual Studio Version 17
VisualStudioVersion = 17.7.34024.191
MinimumVisualStudioVersion = 10.0.40219.1
Project("{FAE04EC0-301F-11D3-BF4B-00C04F79EFBC}") = "WebApi", "WebApi\WebApi.csproj", "{04332759-165C-40B9-836F-543A3D9F9F7A}"
EndProject
Global
	GlobalSection(SolutionConfigurationPlatforms) = preSolution
		Debug|Any CPU = Debug|Any CPU
		Release|Any CPU = Release|Any CPU
	EndGlobalSection
	GlobalSection(ProjectConfigurationPlatforms) = postSolution
		{04332759-165C-40B9-836F-543A3D9F9F7A}.Debug|Any CPU.ActiveCfg = Debug|Any CPU
		{04332759-165C-40B9-836F-543A3D9F9F7A}.Debug|Any CPU.Build.0 = Debug|Any CPU
		{04332759-165C-40B9-836F-543A3D9F9F7A}.Release|Any CPU.ActiveCfg = Release|Any CPU
		{04332759-165C-40B9-836F-543A3D9F9F7A}.Release|Any CPU.Build.0 = Release|Any CPU
	EndGlobalSection
	GlobalSection(SolutionProperties) = preSolution
		HideSolutionNode = FALSE
	EndGlobalSection
	GlobalSection(ExtensibilityGlobals) = postSolution
		SolutionGuid = {D498A229-5F93-4C69-93C6-E16DA5C45B5B}
	EndGlobalSection
EndGlobal
